
Microsoft Visual Studio Solution File, Format Version 12.00
# Visual Studio Version 16
VisualStudioVersion = 16.0.31410.357
MinimumVisualStudioVersion = 10.0.40219.1
Project("{FAE04EC0-301F-11D3-BF4B-00C04F79EFBC}") = "Sang5_01_07", "Sang5_01_07.csproj", "{F1EAB768-497C-4C3B-8259-5F8270AD2F19}"
EndProject
Global
	GlobalSection(SolutionConfigurationPlatforms) = preSolution
		Debug|Any CPU = Debug|Any CPU
		Release|Any CPU = Release|Any CPU
	EndGlobalSection
	GlobalSection(ProjectConfigurationPlatforms) = postSolution
		{F1EAB768-497C-4C3B-8259-5F8270AD2F19}.Debug|Any CPU.ActiveCfg = Debug|Any CPU
		{F1EAB768-497C-4C3B-8259-5F8270AD2F19}.Debug|Any CPU.Build.0 = Debug|Any CPU
		{F1EAB768-497C-4C3B-8259-5F8270AD2F19}.Release|Any CPU.ActiveCfg = Release|Any CPU
		{F1EAB768-497C-4C3B-8259-5F8270AD2F19}.Release|Any CPU.Build.0 = Release|Any CPU
	EndGlobalSection
	GlobalSection(SolutionProperties) = preSolution
		HideSolutionNode = FALSE
	EndGlobalSection
	GlobalSection(ExtensibilityGlobals) = postSolution
		SolutionGuid = {49A22A10-F788-4E26-AF34-14C4A37A2705}
	EndGlobalSection
EndGlobal
